{
  "name": "fcc-pokemon-app",
  "version": "1.0.0",
  "lockfileVersion": 3,
  "requires": true,
  "packages": {
    "": {
      "name": "fcc-pokemon-app",
      "version": "1.0.0",
      "license": "ISC",
      "devDependencies": {
        "@awmottaz/prettier-plugin-void-html": "^1.6.1",
        "prettier": "3.3.3"
      }
    },
    "node_modules/@awmottaz/prettier-plugin-void-html": {
      "version": "1.6.1",
      "resolved": "https://registry.npmjs.org/@awmottaz/prettier-plugin-void-html/-/prettier-plugin-void-html-1.6.1.tgz",
      "integrity": "sha512-fgU6NHZelQhrwO3ECTml8ca/SGpuWq+i7k1phUzj+l+jy5NmHcIkItzfmAC74+LBWt4EJQDPOfC8QgqwmhtYfA==",
      "dev": true,
      "license": "MIT",
      "engines": {
        "node": ">=18.0.0"
      },
      "peerDependencies": {
        "prettier": "3.0.0 - 3.3.x"
      }
    },
    "node_modules/prettier": {
      "version": "3.3.3",
      "resolved": "https://registry.npmjs.org/prettier/-/prettier-3.3.3.tgz",
      "integrity": "sha512-i2tDNA0O5IrMO757lfrdQZCc2jPNDVntV0m/+4whiDfWaTKfMNgR7Qz0NAeGz/nRqF4m5/6CLzbP4/liHt12Ew==",
      "dev": true,
      "license": "MIT",
      "bin": {
        "prettier": "bin/prettier.cjs"
      },
      "engines": {
        "node": ">=14"
      },
      "funding": {
        "url": "https://github.com/prettier/prettier?sponsor=1"
      }
    }
  }
}
